
Microsoft Visual Studio Solution File, Format Version 12.00
# Visual Studio Version 16
VisualStudioVersion = 16.0.29503.13
MinimumVisualStudioVersion = 10.0.40219.1
Project("{FAE04EC0-301F-11D3-BF4B-00C04F79EFBC}") = "Naras_Kitchen", "Naras_Kitchen\Naras_Kitchen.csproj", "{AD50DC7B-31B5-472F-90FA-918E1F43D7EA}"
EndProject
Global
	GlobalSection(SolutionConfigurationPlatforms) = preSolution
		Debug|Any CPU = Debug|Any CPU
		Release|Any CPU = Release|Any CPU
	EndGlobalSection
	GlobalSection(ProjectConfigurationPlatforms) = postSolution
		{AD50DC7B-31B5-472F-90FA-918E1F43D7EA}.Debug|Any CPU.ActiveCfg = Debug|Any CPU
		{AD50DC7B-31B5-472F-90FA-918E1F43D7EA}.Debug|Any CPU.Build.0 = Debug|Any CPU
		{AD50DC7B-31B5-472F-90FA-918E1F43D7EA}.Release|Any CPU.ActiveCfg = Release|Any CPU
		{AD50DC7B-31B5-472F-90FA-918E1F43D7EA}.Release|Any CPU.Build.0 = Release|Any CPU
	EndGlobalSection
	GlobalSection(SolutionProperties) = preSolution
		HideSolutionNode = FALSE
	EndGlobalSection
	GlobalSection(ExtensibilityGlobals) = postSolution
		SolutionGuid = {C8A25999-0D39-4FB4-A3B4-83A5623783A7}
	EndGlobalSection
EndGlobal
